
Microsoft Visual Studio Solution File, Format Version 12.00
# Visual Studio Version 17
VisualStudioVersion = 17.1.32210.238
MinimumVisualStudioVersion = 10.0.40219.1
Project("{FAE04EC0-301F-11D3-BF4B-00C04F79EFBC}") = "BookStore", "BookStore\BookStore.csproj", "{87481C51-ED9E-4805-9E2B-BDA1B885B2EE}"
EndProject
Project("{FAE04EC0-301F-11D3-BF4B-00C04F79EFBC}") = "Repositarylayer", "Repositarylayer\Repositarylayer.csproj", "{2896BADB-A1C5-4755-BD62-FA4430ACB71F}"
EndProject
Project("{FAE04EC0-301F-11D3-BF4B-00C04F79EFBC}") = "Commonlayer", "Commonlayer\Commonlayer.csproj", "{721CB7A5-5942-44E7-AD79-D33CDA87A04A}"
EndProject
Project("{FAE04EC0-301F-11D3-BF4B-00C04F79EFBC}") = "Businesslayer", "Businesslayer\Businesslayer.csproj", "{D53DE4B3-672B-48B3-B9E0-F44567E19FA2}"
EndProject
Global
	GlobalSection(SolutionConfigurationPlatforms) = preSolution
		Debug|Any CPU = Debug|Any CPU
		Release|Any CPU = Release|Any CPU
	EndGlobalSection
	GlobalSection(ProjectConfigurationPlatforms) = postSolution
		{87481C51-ED9E-4805-9E2B-BDA1B885B2EE}.Debug|Any CPU.ActiveCfg = Debug|Any CPU
		{87481C51-ED9E-4805-9E2B-BDA1B885B2EE}.Debug|Any CPU.Build.0 = Debug|Any CPU
		{87481C51-ED9E-4805-9E2B-BDA1B885B2EE}.Release|Any CPU.ActiveCfg = Release|Any CPU
		{87481C51-ED9E-4805-9E2B-BDA1B885B2EE}.Release|Any CPU.Build.0 = Release|Any CPU
		{2896BADB-A1C5-4755-BD62-FA4430ACB71F}.Debug|Any CPU.ActiveCfg = Debug|Any CPU
		{2896BADB-A1C5-4755-BD62-FA4430ACB71F}.Debug|Any CPU.Build.0 = Debug|Any CPU
		{2896BADB-A1C5-4755-BD62-FA4430ACB71F}.Release|Any CPU.ActiveCfg = Release|Any CPU
		{2896BADB-A1C5-4755-BD62-FA4430ACB71F}.Release|Any CPU.Build.0 = Release|Any CPU
		{721CB7A5-5942-44E7-AD79-D33CDA87A04A}.Debug|Any CPU.ActiveCfg = Debug|Any CPU
		{721CB7A5-5942-44E7-AD79-D33CDA87A04A}.Debug|Any CPU.Build.0 = Debug|Any CPU
		{721CB7A5-5942-44E7-AD79-D33CDA87A04A}.Release|Any CPU.ActiveCfg = Release|Any CPU
		{721CB7A5-5942-44E7-AD79-D33CDA87A04A}.Release|Any CPU.Build.0 = Release|Any CPU
		{D53DE4B3-672B-48B3-B9E0-F44567E19FA2}.Debug|Any CPU.ActiveCfg = Debug|Any CPU
		{D53DE4B3-672B-48B3-B9E0-F44567E19FA2}.Debug|Any CPU.Build.0 = Debug|Any CPU
		{D53DE4B3-672B-48B3-B9E0-F44567E19FA2}.Release|Any CPU.ActiveCfg = Release|Any CPU
		{D53DE4B3-672B-48B3-B9E0-F44567E19FA2}.Release|Any CPU.Build.0 = Release|Any CPU
	EndGlobalSection
	GlobalSection(SolutionProperties) = preSolution
		HideSolutionNode = FALSE
	EndGlobalSection
	GlobalSection(ExtensibilityGlobals) = postSolution
		SolutionGuid = {9A97BF76-6956-4EA3-8B92-D7FDDF5DB44F}
	EndGlobalSection
EndGlobal
